Microsoft Visual Studio Solution File, Format Version 12.00
# Visual Studio Version 17
VisualStudioVersion = 17.14.35906.104 d17.14
MinimumVisualStudioVersion = 10.0.40219.1
Project("{FAE04EC0-301F-11D3-BF4B-00C04F79EFBC}") = "Aspire.ApiService", "src\Aspire.ApiService\Aspire.ApiService.csproj", "{BE1C2F48-9011-469A-B68C-7E61472C9C06}"
EndProject
Project("{FAE04EC0-301F-11D3-BF4B-00C04F79EFBC}") = "Aspire.AppHost", "src\Aspire.AppHost\Aspire.AppHost.csproj", "{AA1FC71E-CCBA-41FA-90AC-1E276D652F23}"
EndProject
Project("{FAE04EC0-301F-11D3-BF4B-00C04F79EFBC}") = "Aspire.ServiceDefaults", "src\Aspire.ServiceDefaults\Aspire.ServiceDefaults.csproj", "{51EC7DCC-86BA-426F-8907-178D944CBF6A}"
EndProject
Project("{FAE04EC0-301F-11D3-BF4B-00C04F79EFBC}") = "Aspire.Tests", "src\Aspire.Tests\Aspire.Tests.csproj", "{FEA358A2-7D9D-4C9E-9579-3FDD5FC44ED3}"
EndProject
Project("{54A90642-561A-4BB1-A94E-469ADEE60C69}") = "frontend", "src\frontend\frontend.esproj", "{6C8D2967-B172-4F09-8F86-414867EDDEFD}"
EndProject
Project("{2150E333-8FDC-42A3-9474-1A3956D46DE8}") = "src", "src", "{2B36EB92-D76C-4BB4-94D2-351A2C2FB010}"
EndProject
Global
	GlobalSection(SolutionConfigurationPlatforms) = preSolution
		Debug|Any CPU = Debug|Any CPU
		Release|Any CPU = Release|Any CPU
	EndGlobalSection
	GlobalSection(ProjectConfigurationPlatforms) = postSolution
		{BE1C2F48-9011-469A-B68C-7E61472C9C06}.Debug|Any CPU.ActiveCfg = Debug|Any CPU
		{BE1C2F48-9011-469A-B68C-7E61472C9C06}.Debug|Any CPU.Build.0 = Debug|Any CPU
		{BE1C2F48-9011-469A-B68C-7E61472C9C06}.Release|Any CPU.ActiveCfg = Release|Any CPU
		{BE1C2F48-9011-469A-B68C-7E61472C9C06}.Release|Any CPU.Build.0 = Release|Any CPU
		{AA1FC71E-CCBA-41FA-90AC-1E276D652F23}.Debug|Any CPU.ActiveCfg = Debug|Any CPU
		{AA1FC71E-CCBA-41FA-90AC-1E276D652F23}.Debug|Any CPU.Build.0 = Debug|Any CPU
		{AA1FC71E-CCBA-41FA-90AC-1E276D652F23}.Release|Any CPU.ActiveCfg = Release|Any CPU
		{AA1FC71E-CCBA-41FA-90AC-1E276D652F23}.Release|Any CPU.Build.0 = Release|Any CPU
		{51EC7DCC-86BA-426F-8907-178D944CBF6A}.Debug|Any CPU.ActiveCfg = Debug|Any CPU
		{51EC7DCC-86BA-426F-8907-178D944CBF6A}.Debug|Any CPU.Build.0 = Debug|Any CPU
		{51EC7DCC-86BA-426F-8907-178D944CBF6A}.Release|Any CPU.ActiveCfg = Release|Any CPU
		{51EC7DCC-86BA-426F-8907-178D944CBF6A}.Release|Any CPU.Build.0 = Release|Any CPU
		{FEA358A2-7D9D-4C9E-9579-3FDD5FC44ED3}.Debug|Any CPU.ActiveCfg = Debug|Any CPU
		{FEA358A2-7D9D-4C9E-9579-3FDD5FC44ED3}.Debug|Any CPU.Build.0 = Debug|Any CPU
		{FEA358A2-7D9D-4C9E-9579-3FDD5FC44ED3}.Release|Any CPU.ActiveCfg = Release|Any CPU
		{FEA358A2-7D9D-4C9E-9579-3FDD5FC44ED3}.Release|Any CPU.Build.0 = Release|Any CPU
		{6C8D2967-B172-4F09-8F86-414867EDDEFD}.Debug|Any CPU.ActiveCfg = Debug|Any CPU
		{6C8D2967-B172-4F09-8F86-414867EDDEFD}.Debug|Any CPU.Build.0 = Debug|Any CPU
		{6C8D2967-B172-4F09-8F86-414867EDDEFD}.Release|Any CPU.ActiveCfg = Debug|Any CPU
		{6C8D2967-B172-4F09-8F86-414867EDDEFD}.Release|Any CPU.Build.0 = Debug|Any CPU
	EndGlobalSection
	GlobalSection(SolutionProperties) = preSolution
		HideSolutionNode = FALSE
	EndGlobalSection
	GlobalSection(NestedProjects) = preSolution
		{BE1C2F48-9011-469A-B68C-7E61472C9C06} = {2B36EB92-D76C-4BB4-94D2-351A2C2FB010}
		{AA1FC71E-CCBA-41FA-90AC-1E276D652F23} = {2B36EB92-D76C-4BB4-94D2-351A2C2FB010}
		{51EC7DCC-86BA-426F-8907-178D944CBF6A} = {2B36EB92-D76C-4BB4-94D2-351A2C2FB010}
		{FEA358A2-7D9D-4C9E-9579-3FDD5FC44ED3} = {2B36EB92-D76C-4BB4-94D2-351A2C2FB010}
		{6C8D2967-B172-4F09-8F86-414867EDDEFD} = {2B36EB92-D76C-4BB4-94D2-351A2C2FB010}
	EndGlobalSection
	GlobalSection(ExtensibilityGlobals) = postSolution
		SolutionGuid = {1D34AFCB-8CE4-42A9-BF32-96AEFEB05739}
	EndGlobalSection
EndGlobal
